
Microsoft Visual Studio Solution File, Format Version 12.00
# Visual Studio Version 16
VisualStudioVersion = 16.0.31019.35
MinimumVisualStudioVersion = 10.0.40219.1
Project("{9A19103F-16F7-4668-BE54-9A1E7A4F7556}") = "ScreenNShot", "ScreenNShot\ScreenNShot.csproj", "{7DF7C7A4-EAF8-41BE-8F71-6E51E1DDE7FF}"
EndProject
Project("{FAE04EC0-301F-11D3-BF4B-00C04F79EFBC}") = "Update", "Update\Update.csproj", "{CBEEF778-1421-4EDC-ADD6-F33173558FF7}"
EndProject
Global
	GlobalSection(SolutionConfigurationPlatforms) = preSolution
		Debug|Any CPU = Debug|Any CPU
		Release|Any CPU = Release|Any CPU
	EndGlobalSection
	GlobalSection(ProjectConfigurationPlatforms) = postSolution
		{7DF7C7A4-EAF8-41BE-8F71-6E51E1DDE7FF}.Debug|Any CPU.ActiveCfg = Debug|Any CPU
		{7DF7C7A4-EAF8-41BE-8F71-6E51E1DDE7FF}.Debug|Any CPU.Build.0 = Debug|Any CPU
		{7DF7C7A4-EAF8-41BE-8F71-6E51E1DDE7FF}.Release|Any CPU.ActiveCfg = Release|Any CPU
		{7DF7C7A4-EAF8-41BE-8F71-6E51E1DDE7FF}.Release|Any CPU.Build.0 = Release|Any CPU
		{CBEEF778-1421-4EDC-ADD6-F33173558FF7}.Debug|Any CPU.ActiveCfg = Debug|Any CPU
		{CBEEF778-1421-4EDC-ADD6-F33173558FF7}.Debug|Any CPU.Build.0 = Debug|Any CPU
		{CBEEF778-1421-4EDC-ADD6-F33173558FF7}.Release|Any CPU.ActiveCfg = Release|Any CPU
		{CBEEF778-1421-4EDC-ADD6-F33173558FF7}.Release|Any CPU.Build.0 = Release|Any CPU
	EndGlobalSection
	GlobalSection(SolutionProperties) = preSolution
		HideSolutionNode = FALSE
	EndGlobalSection
	GlobalSection(ExtensibilityGlobals) = postSolution
		SolutionGuid = {7AED4483-3A4D-4566-B99D-FDEEB5EB34E0}
	EndGlobalSection
EndGlobal
